
Microsoft Visual Studio Solution File, Format Version 12.00
# Visual Studio 15
VisualStudioVersion = 15.0.28010.2036
MinimumVisualStudioVersion = 10.0.40219.1
Project("{8BC9CEB8-8B4A-11D0-8D11-00A0C91BC942}") = "HW2.18", "HW2.18\HW2.18.vcxproj", "{605DEC78-6F66-497D-B449-A20472AD56E2}"
EndProject
Global
	GlobalSection(SolutionConfigurationPlatforms) = preSolution
		Debug|x64 = Debug|x64
		Debug|x86 = Debug|x86
		Release|x64 = Release|x64
		Release|x86 = Release|x86
	EndGlobalSection
	GlobalSection(ProjectConfigurationPlatforms) = postSolution
		{605DEC78-6F66-497D-B449-A20472AD56E2}.Debug|x64.ActiveCfg = Debug|x64
		{605DEC78-6F66-497D-B449-A20472AD56E2}.Debug|x64.Build.0 = Debug|x64
		{605DEC78-6F66-497D-B449-A20472AD56E2}.Debug|x86.ActiveCfg = Debug|Win32
		{605DEC78-6F66-497D-B449-A20472AD56E2}.Debug|x86.Build.0 = Debug|Win32
		{605DEC78-6F66-497D-B449-A20472AD56E2}.Release|x64.ActiveCfg = Release|x64
		{605DEC78-6F66-497D-B449-A20472AD56E2}.Release|x64.Build.0 = Release|x64
		{605DEC78-6F66-497D-B449-A20472AD56E2}.Release|x86.ActiveCfg = Release|Win32
		{605DEC78-6F66-497D-B449-A20472AD56E2}.Release|x86.Build.0 = Release|Win32
	EndGlobalSection
	GlobalSection(SolutionProperties) = preSolution
		HideSolutionNode = FALSE
	EndGlobalSection
	GlobalSection(ExtensibilityGlobals) = postSolution
		SolutionGuid = {573C4D88-AF73-4B8A-9666-0AC21E8B51A1}
	EndGlobalSection
EndGlobal
